// !$*UTF8*$!
{
	archiveVersion = 1;
	classes = {
	};
	objectVersion = 46;
	objects = {

/* Begin PBXBuildFile section */
		7E283EDA1E5753B70081EE37 /* ConversionViewController.swift in Sources */ = {isa = PBXBuildFile; fileRef = 7E283ED91E5753B70081EE37 /* ConversionViewController.swift */; };
		7EF6218F1E4C155800124B32 /* AppDelegate.swift in Sources */ = {isa = PBXBuildFile; fileRef = 7EF6218E1E4C155800124B32 /* AppDelegate.swift */; };
		7EF621941E4C155800124B32 /* Main.storyboard in Resources */ = {isa = PBXBuildFile; fileRef = 7EF621921E4C155800124B32 /* Main.storyboard */; };
		7EF621961E4C155800124B32 /* Assets.xcassets in Resources */ = {isa = PBXBuildFile; fileRef = 7EF621951E4C155800124B32 /* Assets.xcassets */; };
		7EF621991E4C155800124B32 /* LaunchScreen.storyboard in Resources */ = {isa = PBXBuildFile; fileRef = 7EF621971E4C155800124B32 /* LaunchScreen.storyboard */; };
		7EF621A41E4C155900124B32 /* WorldTrotterTests.swift in Sources */ = {isa = PBXBuildFile; fileRef = 7EF621A31E4C155900124B32 /* WorldTrotterTests.swift */; };
		7EF621AF1E4C155900124B32 /* WorldTrotterUITests.swift in Sources */ = {isa = PBXBuildFile; fileRef = 7EF621AE1E4C155900124B32 /* WorldTrotterUITests.swift */; };
/* End PBXBuildFile section */

/* Begin PBXContainerItemProxy section */
		7EF621A01E4C155900124B32 /* PBXContainerItemProxy */ = {
			isa = PBXContainerItemProxy;
			containerPortal = 7EF621831E4C155800124B32 /* Project object */;
			proxyType = 1;
			remoteGlobalIDString = 7EF6218A1E4C155800124B32;
			remoteInfo = WorldTrotter;
		};
		7EF621AB1E4C155900124B32 /* PBXContainerItemProxy */ = {
			isa = PBXContainerItemProxy;
			containerPortal = 7EF621831E4C155800124B32 /* Project object */;
			proxyType = 1;
			remoteGlobalIDString = 7EF6218A1E4C155800124B32;
			remoteInfo = WorldTrotter;
		};
/* End PBXContainerItemProxy section */

/* Begin PBXFileReference section */
		7E283ED91E5753B70081EE37 /* ConversionViewController.swift */ = {isa = PBXFileReference; fileEncoding = 4; lastKnownFileType = sourcecode.swift; path = ConversionViewController.swift; sourceTree = "<group>"; };
		7EF6218B1E4C155800124B32 /* WorldTrotter.app */ = {isa = PBXFileReference; explicitFileType = wrapper.application; includeInIndex = 0; path = WorldTrotter.app; sourceTree = BUILT_PRODUCTS_DIR; };
		7EF6218E1E4C155800124B32 /* AppDelegate.swift */ = {isa = PBXFileReference; lastKnownFileType = sourcecode.swift; path = AppDelegate.swift; sourceTree = "<group>"; };
		7EF621931E4C155800124B32 /* Base */ = {isa = PBXFileReference; lastKnownFileType = file.storyboard; name = Base; path = Base.lproj/Main.storyboard; sourceTree = "<group>"; };
		7EF621951E4C155800124B32 /* Assets.xcassets */ = {isa = PBXFileReference; lastKnownFileType = folder.assetcatalog; path = Assets.xcassets; sourceTree = "<group>"; };
		7EF621981E4C155800124B32 /* Base */ = {isa = PBXFileReference; lastKnownFileType = file.storyboard; name = Base; path = Base.lproj/LaunchScreen.storyboard; sourceTree = "<group>"; };
		7EF6219A1E4C155800124B32 /* Info.plist */ = {isa = PBXFileReference; lastKnownFileType = text.plist.xml; path = Info.plist; sourceTree = "<group>"; };
		7EF6219F1E4C155900124B32 /* WorldTrotterTests.xctest */ = {isa = PBXFileReference; explicitFileType = wrapper.cfbundle; includeInIndex = 0; path = WorldTrotterTests.xctest; sourceTree = BUILT_PRODUCTS_DIR; };
		7EF621A31E4C155900124B32 /* WorldTrotterTests.swift */ = {isa = PBXFileReference; lastKnownFileType = sourcecode.swift; path = WorldTrotterTests.swift; sourceTree = "<group>"; };
		7EF621A51E4C155900124B32 /* Info.plist */ = {isa = PBXFileReference; lastKnownFileType = text.plist.xml; path = Info.plist; sourceTree = "<group>"; };
		7EF621AA1E4C155900124B32 /* WorldTrotterUITests.xctest */ = {isa = PBXFileReference; explicitFileType = wrapper.cfbundle; includeInIndex = 0; path = WorldTrotterUITests.xctest; sourceTree = BUILT_PRODUCTS_DIR; };
		7EF621AE1E4C155900124B32 /* WorldTrotterUITests.swift */ = {isa = PBXFileReference; lastKnownFileType = sourcecode.swift; path = WorldTrotterUITests.swift; sourceTree = "<group>"; };
		7EF621B01E4C155900124B32 /* Info.plist */ = {isa = PBXFileReference; lastKnownFileType = text.plist.xml; path = Info.plist; sourceTree = "<group>"; };
/* End PBXFileReference section */

/* Begin PBXFrameworksBuildPhase section */
		7EF621881E4C155800124B32 /* Frameworks */ = {
			isa = PBXFrameworksBuildPhase;
			buildActionMask = 2147483647;
			files = (
			);
			runOnlyForDeploymentPostprocessing = 0;
		};
		7EF6219C1E4C155900124B32 /* Frameworks */ = {
			isa = PBXFrameworksBuildPhase;
			buildActionMask = 2147483647;
			files = (
			);
			runOnlyForDeploymentPostprocessing = 0;
		};
		7EF621A71E4C155900124B32 /* Frameworks */ = {
			isa = PBXFrameworksBuildPhase;
			buildActionMask = 2147483647;
			files = (
			);
			runOnlyForDeploymentPostprocessing = 0;
		};
/* End PBXFrameworksBuildPhase section */

/* Begin PBXGroup section */
		7EF621821E4C155800124B32 = {
			isa = PBXGroup;
			children = (
				7EF6218D1E4C155800124B32 /* WorldTrotter */,
				7EF621A21E4C155900124B32 /* WorldTrotterTests */,
				7EF621AD1E4C155900124B32 /* WorldTrotterUITests */,
				7EF6218C1E4C155800124B32 /* Products */,
			);
			sourceTree = "<group>";
		};
		7EF6218C1E4C155800124B32 /* Products */ = {
			isa = PBXGroup;
			children = (
				7EF6218B1E4C155800124B32 /* WorldTrotter.app */,
				7EF6219F1E4C155900124B32 /* WorldTrotterTests.xctest */,
				7EF621AA1E4C155900124B32 /* WorldTrotterUITests.xctest */,
			);
			name = Products;
			sourceTree = "<group>";
		};
		7EF6218D1E4C155800124B32 /* WorldTrotter */ = {
			isa = PBXGroup;
			children = (
				7EF6218E1E4C155800124B32 /* AppDelegate.swift */,
				7EF621921E4C155800124B32 /* Main.storyboard */,
				7EF621951E4C155800124B32 /* Assets.xcassets */,
				7EF621971E4C155800124B32 /* LaunchScreen.storyboard */,
				7EF6219A1E4C155800124B32 /* Info.plist */,
				7E283ED91E5753B70081EE37 /* ConversionViewController.swift */,
			);
			path = WorldTrotter;
			sourceTree = "<group>";
		};
		7EF621A21E4C155900124B32 /* WorldTrotterTests */ = {
			isa = PBXGroup;
			children = (
				7EF621A31E4C155900124B32 /* WorldTrotterTests.swift */,
				7EF621A51E4C155900124B32 /* Info.plist */,
			);
			path = WorldTrotterTests;
			sourceTree = "<group>";
		};
		7EF621AD1E4C155900124B32 /* WorldTrotterUITests */ = {
			isa = PBXGroup;
			children = (
				7EF621AE1E4C155900124B32 /* WorldTrotterUITests.swift */,
				7EF621B01E4C155900124B32 /* Info.plist */,
			);
			path = WorldTrotterUITests;
			sourceTree = "<group>";
		};
/* End PBXGroup section */

/* Begin PBXNativeTarget section */
		7EF6218A1E4C155800124B32 /* WorldTrotter */ = {
			isa = PBXNativeTarget;
			buildConfigurationList = 7EF621B31E4C155900124B32 /* Build configuration list for PBXNativeTarget "WorldTrotter" */;
			buildPhases = (
				7EF621871E4C155800124B32 /* Sources */,
				7EF621881E4C155800124B32 /* Frameworks */,
				7EF621891E4C155800124B32 /* Resources */,
			);
			buildRules = (
			);
			dependencies = (
			);
			name = WorldTrotter;
			productName = WorldTrotter;
			productReference = 7EF6218B1E4C155800124B32 /* WorldTrotter.app */;
			productType = "com.apple.product-type.application";
		};
		7EF6219E1E4C155900124B32 /* WorldTrotterTests */ = {
			isa = PBXNativeTarget;
			buildConfigurationList = 7EF621B61E4C155900124B32 /* Build configuration list for PBXNativeTarget "WorldTrotterTests" */;
			buildPhases = (
				7EF6219B1E4C155900124B32 /* Sources */,
				7EF6219C1E4C155900124B32 /* Frameworks */,
				7EF6219D1E4C155900124B32 /* Resources */,
			);
			buildRules = (
			);
			dependencies = (
				7EF621A11E4C155900124B32 /* PBXTargetDependency */,
			);
			name = WorldTrotterTests;
			productName = WorldTrotterTests;
			productReference = 7EF6219F1E4C155900124B32 /* WorldTrotterTests.xctest */;
			productType = "com.apple.product-type.bundle.unit-test";
		};
		7EF621A91E4C155900124B32 /* WorldTrotterUITests */ = {
			isa = PBXNativeTarget;
			buildConfigurationList = 7EF621B91E4C155900124B32 /* Build configuration list for PBXNativeTarget "WorldTrotterUITests" */;
			buildPhases = (
				7EF621A61E4C155900124B32 /* Sources */,
				7EF621A71E4C155900124B32 /* Frameworks */,
				7EF621A81E4C155900124B32 /* Resources */,
			);
			buildRules = (
			);
			dependencies = (
				7EF621AC1E4C155900124B32 /* PBXTargetDependency */,
			);
			name = WorldTrotterUITests;
			productName = WorldTrotterUITests;
			productReference = 7EF621AA1E4C155900124B32 /* WorldTrotterUITests.xctest */;
			productType = "com.apple.product-type.bundle.ui-testing";
		};
/* End PBXNativeTarget section */

/* Begin PBXProject section */
		7EF621831E4C155800124B32 /* Project object */ = {
			isa = PBXProject;
			attributes = {
				LastSwiftUpdateCheck = 0820;
				LastUpgradeCheck = 0820;
				ORGANIZATIONNAME = "Aaron McInerney";
				TargetAttributes = {
					7EF6218A1E4C155800124B32 = {
						CreatedOnToolsVersion = 8.2.1;
						ProvisioningStyle = Automatic;
					};
					7EF6219E1E4C155900124B32 = {
						CreatedOnToolsVersion = 8.2.1;
						ProvisioningStyle = Automatic;
						TestTargetID = 7EF6218A1E4C155800124B32;
					};
					7EF621A91E4C155900124B32 = {
						CreatedOnToolsVersion = 8.2.1;
						ProvisioningStyle = Automatic;
						TestTargetID = 7EF6218A1E4C155800124B32;
					};
				};
			};
			buildConfigurationList = 7EF621861E4C155800124B32 /* Build configuration list for PBXProject "WorldTrotter" */;
			compatibilityVersion = "Xcode 3.2";
			developmentRegion = English;
			hasScannedForEncodings = 0;
			knownRegions = (
				en,
				Base,
			);
			mainGroup = 7EF621821E4C155800124B32;
			productRefGroup = 7EF6218C1E4C155800124B32 /* Products */;
			projectDirPath = "";
			projectRoot = "";
			targets = (
				7EF6218A1E4C155800124B32 /* WorldTrotter */,
				7EF6219E1E4C155900124B32 /* WorldTrotterTests */,
				7EF621A91E4C155900124B32 /* WorldTrotterUITests */,
			);
		};
/* End PBXProject section */

/* Begin PBXResourcesBuildPhase section */
		7EF621891E4C155800124B32 /* Resources */ = {
			isa = PBXResourcesBuildPhase;
			buildActionMask = 2147483647;
			files = (
				7EF621991E4C155800124B32 /* LaunchScreen.storyboard in Resources */,
				7EF621961E4C155800124B32 /* Assets.xcassets in Resources */,
				7EF621941E4C155800124B32 /* Main.storyboard in Resources */,
			);
			runOnlyForDeploymentPostprocessing = 0;
		};
		7EF6219D1E4C155900124B32 /* Resources */ = {
			isa = PBXResourcesBuildPhase;
			buildActionMask = 2147483647;
			files = (
			);
			runOnlyForDeploymentPostprocessing = 0;
		};
		7EF621A81E4C155900124B32 /* Resources */ = {
			isa = PBXResourcesBuildPhase;
			buildActionMask = 2147483647;
			files = (
			);
			runOnlyForDeploymentPostprocessing = 0;
		};
/* End PBXResourcesBuildPhase section */

/* Begin PBXSourcesBuildPhase section */
		7EF621871E4C155800124B32 /* Sources */ = {
			isa = PBXSourcesBuildPhase;
			buildActionMask = 2147483647;
			files = (
				7E283EDA1E5753B70081EE37 /* ConversionViewController.swift in Sources */,
				7EF6218F1E4C155800124B32 /* AppDelegate.swift in Sources */,
			);
			runOnlyForDeploymentPostprocessing = 0;
		};
		7EF6219B1E4C155900124B32 /* Sources */ = {
			isa = PBXSourcesBuildPhase;
			buildActionMask = 2147483647;
			files = (
				7EF621A41E4C155900124B32 /* WorldTrotterTests.swift in Sources */,
			);
			runOnlyForDeploymentPostprocessing = 0;
		};
		7EF621A61E4C155900124B32 /* Sources */ = {
			isa = PBXSourcesBuildPhase;
			buildActionMask = 2147483647;
			files = (
				7EF621AF1E4C155900124B32 /* WorldTrotterUITests.swift in Sources */,
			);
			runOnlyForDeploymentPostprocessing = 0;
		};
/* End PBXSourcesBuildPhase section */

/* Begin PBXTargetDependency section */
		7EF621A11E4C155900124B32 /* PBXTargetDependency */ = {
			isa = PBXTargetDependency;
			target = 7EF6218A1E4C155800124B32 /* WorldTrotter */;
			targetProxy = 7EF621A01E4C155900124B32 /* PBXContainerItemProxy */;
		};
		7EF621AC1E4C155900124B32 /* PBXTargetDependency */ = {
			isa = PBXTargetDependency;
			target = 7EF6218A1E4C155800124B32 /* WorldTrotter */;
			targetProxy = 7EF621AB1E4C155900124B32 /* PBXContainerItemProxy */;
		};
/* End PBXTargetDependency section */

/* Begin PBXVariantGroup section */
		7EF621921E4C155800124B32 /* Main.storyboard */ = {
			isa = PBXVariantGroup;
			children = (
				7EF621931E4C155800124B32 /* Base */,
			);
			name = Main.storyboard;
			sourceTree = "<group>";
		};
		7EF621971E4C155800124B32 /* LaunchScreen.storyboard */ = {
			isa = PBXVariantGroup;
			children = (
				7EF621981E4C155800124B32 /* Base */,
			);
			name = LaunchScreen.storyboard;
			sourceTree = "<group>";
		};
/* End PBXVariantGroup section */

/* Begin XCBuildConfiguration section */
		7EF621B11E4C155900124B32 /* Debug */ = {
			isa = XCBuildConfiguration;
			buildSettings = {
				ALWAYS_SEARCH_USER_PATHS = NO;
				CLANG_ANALYZER_NONNULL = YES;
				CLANG_CXX_LANGUAGE_STANDARD = "gnu++0x";
				CLANG_CXX_LIBRARY = "libc++";
				CLANG_ENABLE_MODULES = YES;
				CLANG_ENABLE_OBJC_ARC = YES;
				CLANG_WARN_BOOL_CONVERSION = YES;
				CLANG_WARN_CONSTANT_CONVERSION = YES;
				CLANG_WARN_DIRECT_OBJC_ISA_USAGE = YES_ERROR;
				CLANG_WARN_DOCUMENTATION_COMMENTS = YES;
				CLANG_WARN_EMPTY_BODY = YES;
				CLANG_WARN_ENUM_CONVERSION = YES;
				CLANG_WARN_INFINITE_RECURSION = YES;
				CLANG_WARN_INT_CONVERSION = YES;
				CLANG_WARN_OBJC_ROOT_CLASS = YES_ERROR;
				CLANG_WARN_SUSPICIOUS_MOVE = YES;
				CLANG_WARN_UNREACHABLE_CODE = YES;
				CLANG_WARN__DUPLICATE_METHOD_MATCH = YES;
				"CODE_SIGN_IDENTITY[sdk=iphoneos*]" = "iPhone Developer";
				COPY_PHASE_STRIP = NO;
				DEBUG_INFORMATION_FORMAT = dwarf;
				ENABLE_STRICT_OBJC_MSGSEND = YES;
				ENABLE_TESTABILITY = YES;
				GCC_C_LANGUAGE_STANDARD = gnu99;
				GCC_DYNAMIC_NO_PIC = NO;
				GCC_NO_COMMON_BLOCKS = YES;
				GCC_OPTIMIZATION_LEVEL = 0;
				GCC_PREPROCESSOR_DEFINITIONS = (
					"DEBUG=1",
					"$(inherited)",
				);
				GCC_WARN_64_TO_32_BIT_CONVERSION = YES;
				GCC_WARN_ABOUT_RETURN_TYPE = YES_ERROR;
				GCC_WARN_UNDECLARED_SELECTOR = YES;
				GCC_WARN_UNINITIALIZED_AUTOS = YES_AGGRESSIVE;
				GCC_WARN_UNUSED_FUNCTION = YES;
				GCC_WARN_UNUSED_VARIABLE = YES;
				IPHONEOS_DEPLOYMENT_TARGET = 10.2;
				MTL_ENABLE_DEBUG_INFO = YES;
				ONLY_ACTIVE_ARCH = YES;
				SDKROOT = iphoneos;
				SWIFT_ACTIVE_COMPILATION_CONDITIONS = DEBUG;
				SWIFT_OPTIMIZATION_LEVEL = "-Onone";
				TARGETED_DEVICE_FAMILY = "1,2";
			};
			name = Debug;
		};
		7EF621B21E4C155900124B32 /* Release */ = {
			isa = XCBuildConfiguration;
			buildSettings = {
				ALWAYS_SEARCH_USER_PATHS = NO;
				CLANG_ANALYZER_NONNULL = YES;
				CLANG_CXX_LANGUAGE_STANDARD = "gnu++0x";
				CLANG_CXX_LIBRARY = "libc++";
				CLANG_ENABLE_MODULES = YES;
				CLANG_ENABLE_OBJC_ARC = YES;
				CLANG_WARN_BOOL_CONVERSION = YES;
				CLANG_WARN_CONSTANT_CONVERSION = YES;
				CLANG_WARN_DIRECT_OBJC_ISA_USAGE = YES_ERROR;
				CLANG_WARN_DOCUMENTATION_COMMENTS = YES;
				CLANG_WARN_EMPTY_BODY = YES;
				CLANG_WARN_ENUM_CONVERSION = YES;
				CLANG_WARN_INFINITE_RECURSION = YES;
				CLANG_WARN_INT_CONVERSION = YES;
				CLANG_WARN_OBJC_ROOT_CLASS = YES_ERROR;
				CLANG_WARN_SUSPICIOUS_MOVE = YES;
				CLANG_WARN_UNREACHABLE_CODE = YES;
				CLANG_WARN__DUPLICATE_METHOD_MATCH = YES;
				"CODE_SIGN_IDENTITY[sdk=iphoneos*]" = "iPhone Developer";
				COPY_PHASE_STRIP = NO;
				DEBUG_INFORMATION_FORMAT = "dwarf-with-dsym";
				ENABLE_NS_ASSERTIONS = NO;
				ENABLE_STRICT_OBJC_MSGSEND = YES;
				GCC_C_LANGUAGE_STANDARD = gnu99;
				GCC_NO_COMMON_BLOCKS = YES;
				GCC_WARN_64_TO_32_BIT_CONVERSION = YES;
				GCC_WARN_ABOUT_RETURN_TYPE = YES_ERROR;
				GCC_WARN_UNDECLARED_SELECTOR = YES;
				GCC_WARN_UNINITIALIZED_AUTOS = YES_AGGRESSIVE;
				GCC_WARN_UNUSED_FUNCTION = YES;
				GCC_WARN_UNUSED_VARIABLE = YES;
				IPHONEOS_DEPLOYMENT_TARGET = 10.2;
				MTL_ENABLE_DEBUG_INFO = NO;
				SDKROOT = iphoneos;
				SWIFT_OPTIMIZATION_LEVEL = "-Owholemodule";
				TARGETED_DEVICE_FAMILY = "1,2";
				VALIDATE_PRODUCT = YES;
			};
			name = Release;
		};
		7EF621B41E4C155900124B32 /* Debug */ = {
			isa = XCBuildConfiguration;
			buildSettings = {
				ASSETCATALOG_COMPILER_APPICON_NAME = AppIcon;
				INFOPLIST_FILE = WorldTrotter/Info.plist;
				LD_RUNPATH_SEARCH_PATHS = "$(inherited) @executable_path/Frameworks";
				PRODUCT_BUNDLE_IDENTIFIER = amcinerney.WorldTrotter;
				PRODUCT_NAME = "$(TARGET_NAME)";
				SWIFT_VERSION = 3.0;
			};
			name = Debug;
		};
		7EF621B51E4C155900124B32 /* Release */ = {
			isa = XCBuildConfiguration;
			buildSettings = {
				ASSETCATALOG_COMPILER_APPICON_NAME = AppIcon;
				INFOPLIST_FILE = WorldTrotter/Info.plist;
				LD_RUNPATH_SEARCH_PATHS = "$(inherited) @executable_path/Frameworks";
				PRODUCT_BUNDLE_IDENTIFIER = amcinerney.WorldTrotter;
				PRODUCT_NAME = "$(TARGET_NAME)";
				SWIFT_VERSION = 3.0;
			};
			name = Release;
		};
		7EF621B71E4C155900124B32 /* Debug */ = {
			isa = XCBuildConfiguration;
			buildSettings = {
				ALWAYS_EMBED_SWIFT_STANDARD_LIBRARIES = YES;
				BUNDLE_LOADER = "$(TEST_HOST)";
				INFOPLIST_FILE = WorldTrotterTests/Info.plist;
				LD_RUNPATH_SEARCH_PATHS = "$(inherited) @executable_path/Frameworks @loader_path/Frameworks";
				PRODUCT_BUNDLE_IDENTIFIER = amcinerney.WorldTrotterTests;
				PRODUCT_NAME = "$(TARGET_NAME)";
				SWIFT_VERSION = 3.0;
				TEST_HOST = "$(BUILT_PRODUCTS_DIR)/WorldTrotter.app/WorldTrotter";
			};
			name = Debug;
		};
		7EF621B81E4C155900124B32 /* Release */ = {
			isa = XCBuildConfiguration;
			buildSettings = {
				ALWAYS_EMBED_SWIFT_STANDARD_LIBRARIES = YES;
				BUNDLE_LOADER = "$(TEST_HOST)";
				INFOPLIST_FILE = WorldTrotterTests/Info.plist;
				LD_RUNPATH_SEARCH_PATHS = "$(inherited) @executable_path/Frameworks @loader_path/Frameworks";
				PRODUCT_BUNDLE_IDENTIFIER = amcinerney.WorldTrotterTests;
				PRODUCT_NAME = "$(TARGET_NAME)";
				SWIFT_VERSION = 3.0;
				TEST_HOST = "$(BUILT_PRODUCTS_DIR)/WorldTrotter.app/WorldTrotter";
			};
			name = Release;
		};
		7EF621BA1E4C155900124B32 /* Debug */ = {
			isa = XCBuildConfiguration;
			buildSettings = {
				ALWAYS_EMBED_SWIFT_STANDARD_LIBRARIES = YES;
				INFOPLIST_FILE = WorldTrotterUITests/Info.plist;
				LD_RUNPATH_SEARCH_PATHS = "$(inherited) @executable_path/Frameworks @loader_path/Frameworks";
				PRODUCT_BUNDLE_IDENTIFIER = amcinerney.WorldTrotterUITests;
				PRODUCT_NAME = "$(TARGET_NAME)";
				SWIFT_VERSION = 3.0;
				TEST_TARGET_NAME = WorldTrotter;
			};
			name = Debug;
		};
		7EF621BB1E4C155900124B32 /* Release */ = {
			isa = XCBuildConfiguration;
			buildSettings = {
				ALWAYS_EMBED_SWIFT_STANDARD_LIBRARIES = YES;
				INFOPLIST_FILE = WorldTrotterUITests/Info.plist;
				LD_RUNPATH_SEARCH_PATHS = "$(inherited) @executable_path/Frameworks @loader_path/Frameworks";
				PRODUCT_BUNDLE_IDENTIFIER = amcinerney.WorldTrotterUITests;
				PRODUCT_NAME = "$(TARGET_NAME)";
				SWIFT_VERSION = 3.0;
				TEST_TARGET_NAME = WorldTrotter;
			};
			name = Release;
		};
/* End XCBuildConfiguration section */

/* Begin XCConfigurationList section */
		7EF621861E4C155800124B32 /* Build configuration list for PBXProject "WorldTrotter" */ = {
			isa = XCConfigurationList;
			buildConfigurations = (
				7EF621B11E4C155900124B32 /* Debug */,
				7EF621B21E4C155900124B32 /* Release */,
			);
			defaultConfigurationIsVisible = 0;
			defaultConfigurationName = Release;
		};
		7EF621B31E4C155900124B32 /* Build configuration list for PBXNativeTarget "WorldTrotter" */ = {
			isa = XCConfigurationList;
			buildConfigurations = (
				7EF621B41E4C155900124B32 /* Debug */,
				7EF621B51E4C155900124B32 /* Release */,
			);
			defaultConfigurationIsVisible = 0;
			defaultConfigurationName = Release;
		};
		7EF621B61E4C155900124B32 /* Build configuration list for PBXNativeTarget "WorldTrotterTests" */ = {
			isa = XCConfigurationList;
			buildConfigurations = (
				7EF621B71E4C155900124B32 /* Debug */,
				7EF621B81E4C155900124B32 /* Release */,
			);
			defaultConfigurationIsVisible = 0;
			defaultConfigurationName = Release;
		};
		7EF621B91E4C155900124B32 /* Build configuration list for PBXNativeTarget "WorldTrotterUITests" */ = {
			isa = XCConfigurationList;
			buildConfigurations = (
				7EF621BA1E4C155900124B32 /* Debug */,
				7EF621BB1E4C155900124B32 /* Release */,
			);
			defaultConfigurationIsVisible = 0;
			defaultConfigurationName = Release;
		};
/* End XCConfigurationList section */
	};
	rootObject = 7EF621831E4C155800124B32 /* Project object */;
}
